
Microsoft Visual Studio Solution File, Format Version 12.00
# Visual Studio 15
VisualStudioVersion = 15.0.28307.421
MinimumVisualStudioVersion = 10.0.40219.1
Project("{FAE04EC0-301F-11D3-BF4B-00C04F79EFBC}") = "StarLims.Gateway", "StarLims.Gateway\StarLims.Gateway.csproj", "{546E023A-7481-423F-A1C5-CA4F0CBF44BA}"
EndProject
Global
	GlobalSection(SolutionConfigurationPlatforms) = preSolution
		Debug|Any CPU = Debug|Any CPU
		Release|Any CPU = Release|Any CPU
	EndGlobalSection
	GlobalSection(ProjectConfigurationPlatforms) = postSolution
		{546E023A-7481-423F-A1C5-CA4F0CBF44BA}.Debug|Any CPU.ActiveCfg = Debug|Any CPU
		{546E023A-7481-423F-A1C5-CA4F0CBF44BA}.Debug|Any CPU.Build.0 = Debug|Any CPU
		{546E023A-7481-423F-A1C5-CA4F0CBF44BA}.Release|Any CPU.ActiveCfg = Release|Any CPU
		{546E023A-7481-423F-A1C5-CA4F0CBF44BA}.Release|Any CPU.Build.0 = Release|Any CPU
	EndGlobalSection
	GlobalSection(SolutionProperties) = preSolution
		HideSolutionNode = FALSE
	EndGlobalSection
	GlobalSection(ExtensibilityGlobals) = postSolution
		SolutionGuid = {6602B824-F247-46B0-96FE-9759B1816FA6}
	EndGlobalSection
EndGlobal
